
Microsoft Visual Studio Solution File, Format Version 12.00
# Visual Studio Version 17
VisualStudioVersion = 17.4.33110.190
MinimumVisualStudioVersion = 10.0.40219.1
Project("{FAE04EC0-301F-11D3-BF4B-00C04F79EFBC}") = "ProyectoClases", "ProyectoClases\ProyectoClases.csproj", "{CC24ECDB-2BFE-4795-89E4-6A585B2A1699}"
EndProject
Global
	GlobalSection(SolutionConfigurationPlatforms) = preSolution
		Debug|Any CPU = Debug|Any CPU
		Release|Any CPU = Release|Any CPU
	EndGlobalSection
	GlobalSection(ProjectConfigurationPlatforms) = postSolution
		{CC24ECDB-2BFE-4795-89E4-6A585B2A1699}.Debug|Any CPU.ActiveCfg = Debug|Any CPU
		{CC24ECDB-2BFE-4795-89E4-6A585B2A1699}.Debug|Any CPU.Build.0 = Debug|Any CPU
		{CC24ECDB-2BFE-4795-89E4-6A585B2A1699}.Release|Any CPU.ActiveCfg = Release|Any CPU
		{CC24ECDB-2BFE-4795-89E4-6A585B2A1699}.Release|Any CPU.Build.0 = Release|Any CPU
	EndGlobalSection
	GlobalSection(SolutionProperties) = preSolution
		HideSolutionNode = FALSE
	EndGlobalSection
	GlobalSection(ExtensibilityGlobals) = postSolution
		SolutionGuid = {1CB31CC5-FE4D-4AD3-B3F9-46EC1E46B931}
	EndGlobalSection
EndGlobal
