
Microsoft Visual Studio Solution File, Format Version 12.00
# Visual Studio Version 17
VisualStudioVersion = 17.4.33122.133
MinimumVisualStudioVersion = 10.0.40219.1
Project("{2150E333-8FDC-42A3-9474-1A3956D46DE8}") = "Clase 2", "Clase 2", "{0973FB45-444A-406D-865A-BF01F9194482}"
EndProject
Project("{FAE04EC0-301F-11D3-BF4B-00C04F79EFBC}") = "ConsoleApp-Clase2-Ejemplo", "ConsoleApp-Clase2-Ejemplo\ConsoleApp-Clase2-Ejemplo.csproj", "{2578AC28-ECDC-4DD1-A72A-3F65E3B7AD08}"
EndProject
Global
	GlobalSection(SolutionConfigurationPlatforms) = preSolution
		Debug|Any CPU = Debug|Any CPU
		Release|Any CPU = Release|Any CPU
	EndGlobalSection
	GlobalSection(ProjectConfigurationPlatforms) = postSolution
		{2578AC28-ECDC-4DD1-A72A-3F65E3B7AD08}.Debug|Any CPU.ActiveCfg = Debug|Any CPU
		{2578AC28-ECDC-4DD1-A72A-3F65E3B7AD08}.Debug|Any CPU.Build.0 = Debug|Any CPU
		{2578AC28-ECDC-4DD1-A72A-3F65E3B7AD08}.Release|Any CPU.ActiveCfg = Release|Any CPU
		{2578AC28-ECDC-4DD1-A72A-3F65E3B7AD08}.Release|Any CPU.Build.0 = Release|Any CPU
	EndGlobalSection
	GlobalSection(SolutionProperties) = preSolution
		HideSolutionNode = FALSE
	EndGlobalSection
	GlobalSection(NestedProjects) = preSolution
		{2578AC28-ECDC-4DD1-A72A-3F65E3B7AD08} = {0973FB45-444A-406D-865A-BF01F9194482}
	EndGlobalSection
	GlobalSection(ExtensibilityGlobals) = postSolution
		SolutionGuid = {4B12E0BA-37DC-429C-9FEB-086B642C75F3}
	EndGlobalSection
EndGlobal
