
Microsoft Visual Studio Solution File, Format Version 12.00
# Visual Studio Version 17
VisualStudioVersion = 17.4.33122.133
MinimumVisualStudioVersion = 10.0.40219.1
Project("{2150E333-8FDC-42A3-9474-1A3956D46DE8}") = "Clase 2", "Clase 2", "{0973FB45-444A-406D-865A-BF01F9194482}"
EndProject
Project("{9A19103F-16F7-4668-BE54-9A1E7A4F7556}") = "ConsoleApp-Clase2-Ejemplo", "ConsoleApp-Clase2-Ejemplo\ConsoleApp-Clase2-Ejemplo.csproj", "{2578AC28-ECDC-4DD1-A72A-3F65E3B7AD08}"
EndProject
Project("{2150E333-8FDC-42A3-9474-1A3956D46DE8}") = "Clase 3 y 4", "Clase 3 y 4", "{80C67938-A7F8-4278-8026-A270E2D28725}"
EndProject
Project("{9A19103F-16F7-4668-BE54-9A1E7A4F7556}") = "ConsoleApp-Clase3-Ejemplo", "ConsoleApp-Clase3-Ejemplo\ConsoleApp-Clase3-Ejemplo.csproj", "{87AA8AA9-2808-40AC-9119-56AAEE883C70}"
EndProject
Project("{2150E333-8FDC-42A3-9474-1A3956D46DE8}") = "Clase 5 y 6", "Clase 5 y 6", "{EF6C4189-5ACD-4C5B-8A5E-4F872308F16A}"
EndProject
Project("{9A19103F-16F7-4668-BE54-9A1E7A4F7556}") = "ConsoleApp-Clase5-Ejemplo", "ConsoleApp-Clase5-Ejemplo\ConsoleApp-Clase5-Ejemplo.csproj", "{451B5FDF-0753-4858-9569-C498BE750A9B}"
EndProject
Project("{2150E333-8FDC-42A3-9474-1A3956D46DE8}") = "Clase 7", "Clase 7", "{D474DE55-923C-4FAA-B452-31DDFB9A1146}"
EndProject
Project("{9A19103F-16F7-4668-BE54-9A1E7A4F7556}") = "ConsoleApp-Clase7-Ejemplo", "ConsoleApp-Clase7-Ejemplo\ConsoleApp-Clase7-Ejemplo.csproj", "{B453609A-C786-4D09-9327-E646782B23C1}"
EndProject
Project("{2150E333-8FDC-42A3-9474-1A3956D46DE8}") = "Clase 8 y 9", "Clase 8 y 9", "{961CACA3-73D1-4BD1-A1B8-C63613C27862}"
EndProject
Project("{9A19103F-16F7-4668-BE54-9A1E7A4F7556}") = "WebApplication_MVC", "WebApplication_MVC\WebApplication_MVC.csproj", "{524AD420-82AE-47D4-BCCC-319F8A8F420B}"
EndProject
Project("{9A19103F-16F7-4668-BE54-9A1E7A4F7556}") = "WebApplication_API", "WebApplication_API\WebApplication_API.csproj", "{64C6C774-413E-4C3F-94D9-A707DCAA5A5E}"
EndProject
Project("{2150E333-8FDC-42A3-9474-1A3956D46DE8}") = "Clase 10", "Clase 10", "{A6BDFF7A-0930-4D85-9220-C40AC42AE81F}"
EndProject
Project("{9A19103F-16F7-4668-BE54-9A1E7A4F7556}") = "WebApplication-API-NET5", "WebApplication-API-NET5\WebApplication-API-NET5.csproj", "{004C6757-FC7A-4377-A188-068DDB4529DA}"
EndProject
Project("{9A19103F-16F7-4668-BE54-9A1E7A4F7556}") = "WebApplication-MVC-NET5", "WebApplication-MVC-NET5\WebApplication-MVC-NET5.csproj", "{F38FBC9D-64DC-4353-B28E-5E24CFADFADA}"
EndProject
Project("{9A19103F-16F7-4668-BE54-9A1E7A4F7556}") = "WebApplication-API-Routing", "WebApplication-API-Routing\WebApplication-API-Routing.csproj", "{0D6A5805-A3CB-4A01-8F09-AF51BD1583A9}"
EndProject
Project("{2150E333-8FDC-42A3-9474-1A3956D46DE8}") = "Clase 11", "Clase 11", "{536B4C0F-EAF9-4DDD-A831-6B17E4EDC2A9}"
EndProject
Project("{2150E333-8FDC-42A3-9474-1A3956D46DE8}") = "APL", "APL", "{5D03395E-9BD6-4BD4-BA45-CDDD17EBAACC}"
EndProject
Project("{2150E333-8FDC-42A3-9474-1A3956D46DE8}") = "BA", "BA", "{4856C342-691E-44DA-9FD9-D77976366238}"
EndProject
Project("{2150E333-8FDC-42A3-9474-1A3956D46DE8}") = "DAL", "DAL", "{AC97918F-2B63-45EE-A1C9-24590612B6C3}"
EndProject
Project("{9A19103F-16F7-4668-BE54-9A1E7A4F7556}") = "DEMO_DataAccessLayer", "DEMO_DataAccessLayer\DEMO_DataAccessLayer.csproj", "{B6080803-8506-4145-8D26-B231280D5364}"
EndProject
Project("{9A19103F-16F7-4668-BE54-9A1E7A4F7556}") = "DEMO_BusinessApplicationLayer", "DEMO_BusinessApplicationLayer\DEMO_BusinessApplicationLayer.csproj", "{D571E4B6-D5D9-4F16-860F-3DD61FCB0278}"
EndProject
Project("{9A19103F-16F7-4668-BE54-9A1E7A4F7556}") = "DEMO_ApplicationPresentationLayer_WebAPI", "DEMO_ApplicationPresentationLayer_WebAPI\DEMO_ApplicationPresentationLayer_WebAPI.csproj", "{D4A58502-94D9-4BB4-A1E9-C19A7BD0CDEA}"
EndProject
Project("{2150E333-8FDC-42A3-9474-1A3956D46DE8}") = "Final", "Final", "{B292F6CC-361C-4C6C-98D7-290BFBF86B90}"
EndProject
Project("{2150E333-8FDC-42A3-9474-1A3956D46DE8}") = "DAL", "DAL", "{A1BADFD1-2F40-4D93-A63D-1890DB6D693F}"
EndProject
Project("{2150E333-8FDC-42A3-9474-1A3956D46DE8}") = "BL", "BL", "{16316972-E36C-4A72-B28A-3770230D7569}"
EndProject
Project("{2150E333-8FDC-42A3-9474-1A3956D46DE8}") = "AL", "AL", "{B60C1C12-1422-4288-A96D-AFFE6C5F4049}"
EndProject
Project("{9A19103F-16F7-4668-BE54-9A1E7A4F7556}") = "InterviewApp_DAL", "InterviewApp_DAL\InterviewApp_DAL.csproj", "{BA990ED0-C65F-4C71-AF64-1633CFC52A36}"
EndProject
Project("{9A19103F-16F7-4668-BE54-9A1E7A4F7556}") = "InterviewApp_AL_WebAPI", "InterviewApp_AL_WebAPI\InterviewApp_AL_WebAPI.csproj", "{C65E9D85-B360-4F0E-B771-7A69D7FA6CAD}"
	ProjectSection(ProjectDependencies) = postProject
		{BA990ED0-C65F-4C71-AF64-1633CFC52A36} = {BA990ED0-C65F-4C71-AF64-1633CFC52A36}
	EndProjectSection
EndProject
Project("{9A19103F-16F7-4668-BE54-9A1E7A4F7556}") = "InterviewApp_BL", "InterviewApp_BL\InterviewApp_BL.csproj", "{A6A70FBA-F97F-4FFE-A285-63127B03582F}"
EndProject
Project("{2150E333-8FDC-42A3-9474-1A3956D46DE8}") = "Clase 13", "Clase 13", "{97E9485F-B7F7-46C6-95EA-48FA0EF7F7C2}"
EndProject
Project("{9A19103F-16F7-4668-BE54-9A1E7A4F7556}") = "Clase13_InterviewApp_Console", "Clase13_InterviewApp_Console\Clase13_InterviewApp_Console.csproj", "{B6710062-1EFD-44B4-AE4E-CF4AA9AB0D8B}"
EndProject
Project("{9A19103F-16F7-4668-BE54-9A1E7A4F7556}") = "Clase13_InterviewApp_DAL", "Clase13_InterviewApp_DAL\Clase13_InterviewApp_DAL.csproj", "{5E20B955-8F0B-497D-B6C5-BC6B305CDEAB}"
EndProject
Project("{9A19103F-16F7-4668-BE54-9A1E7A4F7556}") = "Clase13_ReverseEngineering", "Clase13_ReverseEngineering\Clase13_ReverseEngineering.csproj", "{79174E31-A62D-4AA6-865C-B4FCDEBF6425}"
EndProject
Global
	GlobalSection(SolutionConfigurationPlatforms) = preSolution
		Debug|Any CPU = Debug|Any CPU
		Release|Any CPU = Release|Any CPU
	EndGlobalSection
	GlobalSection(ProjectConfigurationPlatforms) = postSolution
		{2578AC28-ECDC-4DD1-A72A-3F65E3B7AD08}.Debug|Any CPU.ActiveCfg = Debug|Any CPU
		{2578AC28-ECDC-4DD1-A72A-3F65E3B7AD08}.Debug|Any CPU.Build.0 = Debug|Any CPU
		{2578AC28-ECDC-4DD1-A72A-3F65E3B7AD08}.Release|Any CPU.ActiveCfg = Release|Any CPU
		{2578AC28-ECDC-4DD1-A72A-3F65E3B7AD08}.Release|Any CPU.Build.0 = Release|Any CPU
		{87AA8AA9-2808-40AC-9119-56AAEE883C70}.Debug|Any CPU.ActiveCfg = Debug|Any CPU
		{87AA8AA9-2808-40AC-9119-56AAEE883C70}.Debug|Any CPU.Build.0 = Debug|Any CPU
		{87AA8AA9-2808-40AC-9119-56AAEE883C70}.Release|Any CPU.ActiveCfg = Release|Any CPU
		{87AA8AA9-2808-40AC-9119-56AAEE883C70}.Release|Any CPU.Build.0 = Release|Any CPU
		{451B5FDF-0753-4858-9569-C498BE750A9B}.Debug|Any CPU.ActiveCfg = Debug|Any CPU
		{451B5FDF-0753-4858-9569-C498BE750A9B}.Debug|Any CPU.Build.0 = Debug|Any CPU
		{451B5FDF-0753-4858-9569-C498BE750A9B}.Release|Any CPU.ActiveCfg = Release|Any CPU
		{451B5FDF-0753-4858-9569-C498BE750A9B}.Release|Any CPU.Build.0 = Release|Any CPU
		{B453609A-C786-4D09-9327-E646782B23C1}.Debug|Any CPU.ActiveCfg = Debug|Any CPU
		{B453609A-C786-4D09-9327-E646782B23C1}.Debug|Any CPU.Build.0 = Debug|Any CPU
		{B453609A-C786-4D09-9327-E646782B23C1}.Release|Any CPU.ActiveCfg = Release|Any CPU
		{B453609A-C786-4D09-9327-E646782B23C1}.Release|Any CPU.Build.0 = Release|Any CPU
		{524AD420-82AE-47D4-BCCC-319F8A8F420B}.Debug|Any CPU.ActiveCfg = Debug|Any CPU
		{524AD420-82AE-47D4-BCCC-319F8A8F420B}.Debug|Any CPU.Build.0 = Debug|Any CPU
		{524AD420-82AE-47D4-BCCC-319F8A8F420B}.Release|Any CPU.ActiveCfg = Release|Any CPU
		{524AD420-82AE-47D4-BCCC-319F8A8F420B}.Release|Any CPU.Build.0 = Release|Any CPU
		{64C6C774-413E-4C3F-94D9-A707DCAA5A5E}.Debug|Any CPU.ActiveCfg = Debug|Any CPU
		{64C6C774-413E-4C3F-94D9-A707DCAA5A5E}.Debug|Any CPU.Build.0 = Debug|Any CPU
		{64C6C774-413E-4C3F-94D9-A707DCAA5A5E}.Release|Any CPU.ActiveCfg = Release|Any CPU
		{64C6C774-413E-4C3F-94D9-A707DCAA5A5E}.Release|Any CPU.Build.0 = Release|Any CPU
		{004C6757-FC7A-4377-A188-068DDB4529DA}.Debug|Any CPU.ActiveCfg = Debug|Any CPU
		{004C6757-FC7A-4377-A188-068DDB4529DA}.Debug|Any CPU.Build.0 = Debug|Any CPU
		{004C6757-FC7A-4377-A188-068DDB4529DA}.Release|Any CPU.ActiveCfg = Release|Any CPU
		{004C6757-FC7A-4377-A188-068DDB4529DA}.Release|Any CPU.Build.0 = Release|Any CPU
		{F38FBC9D-64DC-4353-B28E-5E24CFADFADA}.Debug|Any CPU.ActiveCfg = Debug|Any CPU
		{F38FBC9D-64DC-4353-B28E-5E24CFADFADA}.Debug|Any CPU.Build.0 = Debug|Any CPU
		{F38FBC9D-64DC-4353-B28E-5E24CFADFADA}.Release|Any CPU.ActiveCfg = Release|Any CPU
		{F38FBC9D-64DC-4353-B28E-5E24CFADFADA}.Release|Any CPU.Build.0 = Release|Any CPU
		{0D6A5805-A3CB-4A01-8F09-AF51BD1583A9}.Debug|Any CPU.ActiveCfg = Debug|Any CPU
		{0D6A5805-A3CB-4A01-8F09-AF51BD1583A9}.Debug|Any CPU.Build.0 = Debug|Any CPU
		{0D6A5805-A3CB-4A01-8F09-AF51BD1583A9}.Release|Any CPU.ActiveCfg = Release|Any CPU
		{0D6A5805-A3CB-4A01-8F09-AF51BD1583A9}.Release|Any CPU.Build.0 = Release|Any CPU
		{B6080803-8506-4145-8D26-B231280D5364}.Debug|Any CPU.ActiveCfg = Debug|Any CPU
		{B6080803-8506-4145-8D26-B231280D5364}.Debug|Any CPU.Build.0 = Debug|Any CPU
		{B6080803-8506-4145-8D26-B231280D5364}.Release|Any CPU.ActiveCfg = Release|Any CPU
		{B6080803-8506-4145-8D26-B231280D5364}.Release|Any CPU.Build.0 = Release|Any CPU
		{D571E4B6-D5D9-4F16-860F-3DD61FCB0278}.Debug|Any CPU.ActiveCfg = Debug|Any CPU
		{D571E4B6-D5D9-4F16-860F-3DD61FCB0278}.Debug|Any CPU.Build.0 = Debug|Any CPU
		{D571E4B6-D5D9-4F16-860F-3DD61FCB0278}.Release|Any CPU.ActiveCfg = Release|Any CPU
		{D571E4B6-D5D9-4F16-860F-3DD61FCB0278}.Release|Any CPU.Build.0 = Release|Any CPU
		{D4A58502-94D9-4BB4-A1E9-C19A7BD0CDEA}.Debug|Any CPU.ActiveCfg = Debug|Any CPU
		{D4A58502-94D9-4BB4-A1E9-C19A7BD0CDEA}.Debug|Any CPU.Build.0 = Debug|Any CPU
		{D4A58502-94D9-4BB4-A1E9-C19A7BD0CDEA}.Release|Any CPU.ActiveCfg = Release|Any CPU
		{D4A58502-94D9-4BB4-A1E9-C19A7BD0CDEA}.Release|Any CPU.Build.0 = Release|Any CPU
		{BA990ED0-C65F-4C71-AF64-1633CFC52A36}.Debug|Any CPU.ActiveCfg = Debug|Any CPU
		{BA990ED0-C65F-4C71-AF64-1633CFC52A36}.Debug|Any CPU.Build.0 = Debug|Any CPU
		{BA990ED0-C65F-4C71-AF64-1633CFC52A36}.Release|Any CPU.ActiveCfg = Release|Any CPU
		{BA990ED0-C65F-4C71-AF64-1633CFC52A36}.Release|Any CPU.Build.0 = Release|Any CPU
		{C65E9D85-B360-4F0E-B771-7A69D7FA6CAD}.Debug|Any CPU.ActiveCfg = Debug|Any CPU
		{C65E9D85-B360-4F0E-B771-7A69D7FA6CAD}.Debug|Any CPU.Build.0 = Debug|Any CPU
		{C65E9D85-B360-4F0E-B771-7A69D7FA6CAD}.Release|Any CPU.ActiveCfg = Release|Any CPU
		{C65E9D85-B360-4F0E-B771-7A69D7FA6CAD}.Release|Any CPU.Build.0 = Release|Any CPU
		{A6A70FBA-F97F-4FFE-A285-63127B03582F}.Debug|Any CPU.ActiveCfg = Debug|Any CPU
		{A6A70FBA-F97F-4FFE-A285-63127B03582F}.Debug|Any CPU.Build.0 = Debug|Any CPU
		{A6A70FBA-F97F-4FFE-A285-63127B03582F}.Release|Any CPU.ActiveCfg = Release|Any CPU
		{A6A70FBA-F97F-4FFE-A285-63127B03582F}.Release|Any CPU.Build.0 = Release|Any CPU
		{B6710062-1EFD-44B4-AE4E-CF4AA9AB0D8B}.Debug|Any CPU.ActiveCfg = Debug|Any CPU
		{B6710062-1EFD-44B4-AE4E-CF4AA9AB0D8B}.Debug|Any CPU.Build.0 = Debug|Any CPU
		{B6710062-1EFD-44B4-AE4E-CF4AA9AB0D8B}.Release|Any CPU.ActiveCfg = Release|Any CPU
		{B6710062-1EFD-44B4-AE4E-CF4AA9AB0D8B}.Release|Any CPU.Build.0 = Release|Any CPU
		{5E20B955-8F0B-497D-B6C5-BC6B305CDEAB}.Debug|Any CPU.ActiveCfg = Debug|Any CPU
		{5E20B955-8F0B-497D-B6C5-BC6B305CDEAB}.Debug|Any CPU.Build.0 = Debug|Any CPU
		{5E20B955-8F0B-497D-B6C5-BC6B305CDEAB}.Release|Any CPU.ActiveCfg = Release|Any CPU
		{5E20B955-8F0B-497D-B6C5-BC6B305CDEAB}.Release|Any CPU.Build.0 = Release|Any CPU
		{79174E31-A62D-4AA6-865C-B4FCDEBF6425}.Debug|Any CPU.ActiveCfg = Debug|Any CPU
		{79174E31-A62D-4AA6-865C-B4FCDEBF6425}.Debug|Any CPU.Build.0 = Debug|Any CPU
		{79174E31-A62D-4AA6-865C-B4FCDEBF6425}.Release|Any CPU.ActiveCfg = Release|Any CPU
		{79174E31-A62D-4AA6-865C-B4FCDEBF6425}.Release|Any CPU.Build.0 = Release|Any CPU
	EndGlobalSection
	GlobalSection(SolutionProperties) = preSolution
		HideSolutionNode = FALSE
	EndGlobalSection
	GlobalSection(NestedProjects) = preSolution
		{2578AC28-ECDC-4DD1-A72A-3F65E3B7AD08} = {0973FB45-444A-406D-865A-BF01F9194482}
		{87AA8AA9-2808-40AC-9119-56AAEE883C70} = {80C67938-A7F8-4278-8026-A270E2D28725}
		{451B5FDF-0753-4858-9569-C498BE750A9B} = {EF6C4189-5ACD-4C5B-8A5E-4F872308F16A}
		{B453609A-C786-4D09-9327-E646782B23C1} = {D474DE55-923C-4FAA-B452-31DDFB9A1146}
		{524AD420-82AE-47D4-BCCC-319F8A8F420B} = {961CACA3-73D1-4BD1-A1B8-C63613C27862}
		{64C6C774-413E-4C3F-94D9-A707DCAA5A5E} = {961CACA3-73D1-4BD1-A1B8-C63613C27862}
		{004C6757-FC7A-4377-A188-068DDB4529DA} = {A6BDFF7A-0930-4D85-9220-C40AC42AE81F}
		{F38FBC9D-64DC-4353-B28E-5E24CFADFADA} = {A6BDFF7A-0930-4D85-9220-C40AC42AE81F}
		{0D6A5805-A3CB-4A01-8F09-AF51BD1583A9} = {A6BDFF7A-0930-4D85-9220-C40AC42AE81F}
		{5D03395E-9BD6-4BD4-BA45-CDDD17EBAACC} = {536B4C0F-EAF9-4DDD-A831-6B17E4EDC2A9}
		{4856C342-691E-44DA-9FD9-D77976366238} = {536B4C0F-EAF9-4DDD-A831-6B17E4EDC2A9}
		{AC97918F-2B63-45EE-A1C9-24590612B6C3} = {536B4C0F-EAF9-4DDD-A831-6B17E4EDC2A9}
		{B6080803-8506-4145-8D26-B231280D5364} = {AC97918F-2B63-45EE-A1C9-24590612B6C3}
		{D571E4B6-D5D9-4F16-860F-3DD61FCB0278} = {4856C342-691E-44DA-9FD9-D77976366238}
		{D4A58502-94D9-4BB4-A1E9-C19A7BD0CDEA} = {5D03395E-9BD6-4BD4-BA45-CDDD17EBAACC}
		{A1BADFD1-2F40-4D93-A63D-1890DB6D693F} = {B292F6CC-361C-4C6C-98D7-290BFBF86B90}
		{16316972-E36C-4A72-B28A-3770230D7569} = {B292F6CC-361C-4C6C-98D7-290BFBF86B90}
		{B60C1C12-1422-4288-A96D-AFFE6C5F4049} = {B292F6CC-361C-4C6C-98D7-290BFBF86B90}
		{BA990ED0-C65F-4C71-AF64-1633CFC52A36} = {A1BADFD1-2F40-4D93-A63D-1890DB6D693F}
		{C65E9D85-B360-4F0E-B771-7A69D7FA6CAD} = {B60C1C12-1422-4288-A96D-AFFE6C5F4049}
		{A6A70FBA-F97F-4FFE-A285-63127B03582F} = {16316972-E36C-4A72-B28A-3770230D7569}
		{B6710062-1EFD-44B4-AE4E-CF4AA9AB0D8B} = {97E9485F-B7F7-46C6-95EA-48FA0EF7F7C2}
		{5E20B955-8F0B-497D-B6C5-BC6B305CDEAB} = {97E9485F-B7F7-46C6-95EA-48FA0EF7F7C2}
		{79174E31-A62D-4AA6-865C-B4FCDEBF6425} = {97E9485F-B7F7-46C6-95EA-48FA0EF7F7C2}
	EndGlobalSection
	GlobalSection(ExtensibilityGlobals) = postSolution
		SolutionGuid = {4B12E0BA-37DC-429C-9FEB-086B642C75F3}
	EndGlobalSection
EndGlobal
